
Microsoft Visual Studio Solution File, Format Version 10.00
# Visual Studio 2008
Project("{8BC9CEB8-8B4A-11D0-8D11-00A0C91BC942}") = "ColorGrid", "ColorGrid.vcproj", "{880DEB30-BEF5-432E-A716-9F81B1BF9A3F}"
EndProject
Global
	GlobalSection(SolutionConfigurationPlatforms) = preSolution
		Debug|x64 = Debug|x64
		Debug|x86 = Debug|x86
	EndGlobalSection
	GlobalSection(ProjectConfigurationPlatforms) = postSolution
		{880DEB30-BEF5-432E-A716-9F81B1BF9A3F}.Debug|x64.ActiveCfg = Debug|x64
		{880DEB30-BEF5-432E-A716-9F81B1BF9A3F}.Debug|x64.Build.0 = Debug|x64
		{880DEB30-BEF5-432E-A716-9F81B1BF9A3F}.Debug|x86.ActiveCfg = Debug|Win32
		{880DEB30-BEF5-432E-A716-9F81B1BF9A3F}.Debug|x86.Build.0 = Debug|Win32
	EndGlobalSection
	GlobalSection(SolutionProperties) = preSolution
		HideSolutionNode = FALSE
	EndGlobalSection
EndGlobal
